// !$*UTF8*$!
{
	archiveVersion = 1;
	classes = {
	};
	objectVersion = 46;
	objects = {

/* Begin PBXBuildFile section */
		1FDCFF7E517205CFB5628696 /* libPods-FHExpandTableViewDemo-FHExpandTableViewDemoTests.a in Frameworks */ = {isa = PBXBuildFile; fileRef = 4D053DD626B735579E95273D /* libPods-FHExpandTableViewDemo-FHExpandTableViewDemoTests.a */; };
		6D2CF86606099B05801C6776 /* libPods-FHExpandTableViewDemo.a in Frameworks */ = {isa = PBXBuildFile; fileRef = 37337EA51E62F115D369659F /* libPods-FHExpandTableViewDemo.a */; };
		AEB9BDE3171D080E6D97B2E8 /* libPods-FHExpandTableViewDemoUITests.a in Frameworks */ = {isa = PBXBuildFile; fileRef = 151FC5E8A249336F4DE04FD6 /* libPods-FHExpandTableViewDemoUITests.a */; };
		E02710FA1EA9CEA00048AA03 /* FHExpandTableView.m in Sources */ = {isa = PBXBuildFile; fileRef = E02710F51EA9CEA00048AA03 /* FHExpandTableView.m */; };
		E02710FF1EA9D4F60048AA03 /* FHTodoModelManager.m in Sources */ = {isa = PBXBuildFile; fileRef = E02710FE1EA9D4F60048AA03 /* FHTodoModelManager.m */; };
		E02711021EA9D5FC0048AA03 /* FHTodoModel.plist in Resources */ = {isa = PBXBuildFile; fileRef = E02711011EA9D5FC0048AA03 /* FHTodoModel.plist */; };
		E02711061EA9EDA90048AA03 /* FHExpandHeadCell.m in Sources */ = {isa = PBXBuildFile; fileRef = E02711051EA9EDA90048AA03 /* FHExpandHeadCell.m */; };
		E027110D1EA9FB930048AA03 /* Marco.h in Sources */ = {isa = PBXBuildFile; fileRef = E02711071EA9F1380048AA03 /* Marco.h */; };
		E02711131EAA0A5A0048AA03 /* FHExpandCompleteCell.m in Sources */ = {isa = PBXBuildFile; fileRef = E02711121EAA0A5A0048AA03 /* FHExpandCompleteCell.m */; };
		E02711161EAAE3010048AA03 /* FHTodoListCell.m in Sources */ = {isa = PBXBuildFile; fileRef = E02711151EAAE3010048AA03 /* FHTodoListCell.m */; };
		E0C68D211E83A2120051D8F4 /* main.m in Sources */ = {isa = PBXBuildFile; fileRef = E0C68D201E83A2120051D8F4 /* main.m */; };
		E0C68D241E83A2120051D8F4 /* AppDelegate.m in Sources */ = {isa = PBXBuildFile; fileRef = E0C68D231E83A2120051D8F4 /* AppDelegate.m */; };
		E0C68D271E83A2120051D8F4 /* ViewController.m in Sources */ = {isa = PBXBuildFile; fileRef = E0C68D261E83A2120051D8F4 /* ViewController.m */; };
		E0C68D2A1E83A2120051D8F4 /* Main.storyboard in Resources */ = {isa = PBXBuildFile; fileRef = E0C68D281E83A2120051D8F4 /* Main.storyboard */; };
		E0C68D2C1E83A2120051D8F4 /* Assets.xcassets in Resources */ = {isa = PBXBuildFile; fileRef = E0C68D2B1E83A2120051D8F4 /* Assets.xcassets */; };
		E0C68D2F1E83A2120051D8F4 /* LaunchScreen.storyboard in Resources */ = {isa = PBXBuildFile; fileRef = E0C68D2D1E83A2120051D8F4 /* LaunchScreen.storyboard */; };
		E0C68D3A1E83A2120051D8F4 /* FHExpandTableViewDemoTests.m in Sources */ = {isa = PBXBuildFile; fileRef = E0C68D391E83A2120051D8F4 /* FHExpandTableViewDemoTests.m */; };
		E0C68D451E83A2120051D8F4 /* FHExpandTableViewDemoUITests.m in Sources */ = {isa = PBXBuildFile; fileRef = E0C68D441E83A2120051D8F4 /* FHExpandTableViewDemoUITests.m */; };
		E0C68D5C1E83CCC50051D8F4 /* FHTodoCollection.m in Sources */ = {isa = PBXBuildFile; fileRef = E0C68D5B1E83CCC50051D8F4 /* FHTodoCollection.m */; };
		E0C68D5F1E83CCDA0051D8F4 /* FHTodoItem.m in Sources */ = {isa = PBXBuildFile; fileRef = E0C68D5E1E83CCDA0051D8F4 /* FHTodoItem.m */; };
		EE30D9BA257036BA5360C170 /* libPods-FHExpandTableViewDemoTests.a in Frameworks */ = {isa = PBXBuildFile; fileRef = 0CDFCC558D5E630CB27CC6A9 /* libPods-FHExpandTableViewDemoTests.a */; };
/* End PBXBuildFile section */

/* Begin PBXContainerItemProxy section */
		E0C68D361E83A2120051D8F4 /* PBXContainerItemProxy */ = {
			isa = PBXContainerItemProxy;
			containerPortal = E0C68D141E83A2120051D8F4 /* Project object */;
			proxyType = 1;
			remoteGlobalIDString = E0C68D1B1E83A2120051D8F4;
			remoteInfo = FHExpandTableViewDemo;
		};
		E0C68D411E83A2120051D8F4 /* PBXContainerItemProxy */ = {
			isa = PBXContainerItemProxy;
			containerPortal = E0C68D141E83A2120051D8F4 /* Project object */;
			proxyType = 1;
			remoteGlobalIDString = E0C68D1B1E83A2120051D8F4;
			remoteInfo = FHExpandTableViewDemo;
		};
/* End PBXContainerItemProxy section */

/* Begin PBXFileReference section */
		0CDFCC558D5E630CB27CC6A9 /* libPods-FHExpandTableViewDemoTests.a */ = {isa = PBXFileReference; explicitFileType = archive.ar; includeInIndex = 0; path = "libPods-FHExpandTableViewDemoTests.a"; sourceTree = BUILT_PRODUCTS_DIR; };
		151FC5E8A249336F4DE04FD6 /* libPods-FHExpandTableViewDemoUITests.a */ = {isa = PBXFileReference; explicitFileType = archive.ar; includeInIndex = 0; path = "libPods-FHExpandTableViewDemoUITests.a"; sourceTree = BUILT_PRODUCTS_DIR; };
		37337EA51E62F115D369659F /* libPods-FHExpandTableViewDemo.a */ = {isa = PBXFileReference; explicitFileType = archive.ar; includeInIndex = 0; path = "libPods-FHExpandTableViewDemo.a"; sourceTree = BUILT_PRODUCTS_DIR; };
		4D053DD626B735579E95273D /* libPods-FHExpandTableViewDemo-FHExpandTableViewDemoTests.a */ = {isa = PBXFileReference; explicitFileType = archive.ar; includeInIndex = 0; path = "libPods-FHExpandTableViewDemo-FHExpandTableViewDemoTests.a"; sourceTree = BUILT_PRODUCTS_DIR; };
		70F76CDAFF063CECAA50BADF /* Pods-FHExpandTableViewDemoUITests.debug.xcconfig */ = {isa = PBXFileReference; includeInIndex = 1; lastKnownFileType = text.xcconfig; name = "Pods-FHExpandTableViewDemoUITests.debug.xcconfig"; path = "Pods/Target Support Files/Pods-FHExpandTableViewDemoUITests/Pods-FHExpandTableViewDemoUITests.debug.xcconfig"; sourceTree = "<group>"; };
		95BC5FAA71E183670DBA3C94 /* Pods-FHExpandTableViewDemo-FHExpandTableViewDemoTests.release.xcconfig */ = {isa = PBXFileReference; includeInIndex = 1; lastKnownFileType = text.xcconfig; name = "Pods-FHExpandTableViewDemo-FHExpandTableViewDemoTests.release.xcconfig"; path = "Pods/Target Support Files/Pods-FHExpandTableViewDemo-FHExpandTableViewDemoTests/Pods-FHExpandTableViewDemo-FHExpandTableViewDemoTests.release.xcconfig"; sourceTree = "<group>"; };
		96F6A93D993A0F49B8290B98 /* Pods-FHExpandTableViewDemoTests.release.xcconfig */ = {isa = PBXFileReference; includeInIndex = 1; lastKnownFileType = text.xcconfig; name = "Pods-FHExpandTableViewDemoTests.release.xcconfig"; path = "Pods/Target Support Files/Pods-FHExpandTableViewDemoTests/Pods-FHExpandTableViewDemoTests.release.xcconfig"; sourceTree = "<group>"; };
		C15B4A5C65AB445A2850670F /* Pods-FHExpandTableViewDemo.debug.xcconfig */ = {isa = PBXFileReference; includeInIndex = 1; lastKnownFileType = text.xcconfig; name = "Pods-FHExpandTableViewDemo.debug.xcconfig"; path = "Pods/Target Support Files/Pods-FHExpandTableViewDemo/Pods-FHExpandTableViewDemo.debug.xcconfig"; sourceTree = "<group>"; };
		C3A6C411525BCC595E9E30EA /* Pods-FHExpandTableViewDemo-FHExpandTableViewDemoTests.debug.xcconfig */ = {isa = PBXFileReference; includeInIndex = 1; lastKnownFileType = text.xcconfig; name = "Pods-FHExpandTableViewDemo-FHExpandTableViewDemoTests.debug.xcconfig"; path = "Pods/Target Support Files/Pods-FHExpandTableViewDemo-FHExpandTableViewDemoTests/Pods-FHExpandTableViewDemo-FHExpandTableViewDemoTests.debug.xcconfig"; sourceTree = "<group>"; };
		E02710F41EA9CEA00048AA03 /* FHExpandTableView.h */ = {isa = PBXFileReference; fileEncoding = 4; lastKnownFileType = sourcecode.c.h; path = FHExpandTableView.h; sourceTree = "<group>"; };
		E02710F51EA9CEA00048AA03 /* FHExpandTableView.m */ = {isa = PBXFileReference; fileEncoding = 4; lastKnownFileType = sourcecode.c.objc; path = FHExpandTableView.m; sourceTree = "<group>"; };
		E02710FD1EA9D4F60048AA03 /* FHTodoModelManager.h */ = {isa = PBXFileReference; fileEncoding = 4; lastKnownFileType = sourcecode.c.h; name = FHTodoModelManager.h; path = Model/FHTodoModelManager.h; sourceTree = "<group>"; };
		E02710FE1EA9D4F60048AA03 /* FHTodoModelManager.m */ = {isa = PBXFileReference; fileEncoding = 4; lastKnownFileType = sourcecode.c.objc; name = FHTodoModelManager.m; path = Model/FHTodoModelManager.m; sourceTree = "<group>"; };
		E02711011EA9D5FC0048AA03 /* FHTodoModel.plist */ = {isa = PBXFileReference; fileEncoding = 4; lastKnownFileType = text.plist.xml; name = FHTodoModel.plist; path = Model/FHTodoModel.plist; sourceTree = "<group>"; };
		E02711041EA9EDA90048AA03 /* FHExpandHeadCell.h */ = {isa = PBXFileReference; fileEncoding = 4; lastKnownFileType = sourcecode.c.h; name = FHExpandHeadCell.h; path = Views/FHExpandHeadCell.h; sourceTree = "<group>"; };
		E02711051EA9EDA90048AA03 /* FHExpandHeadCell.m */ = {isa = PBXFileReference; fileEncoding = 4; lastKnownFileType = sourcecode.c.objc; name = FHExpandHeadCell.m; path = Views/FHExpandHeadCell.m; sourceTree = "<group>"; };
		E02711071EA9F1380048AA03 /* Marco.h */ = {isa = PBXFileReference; lastKnownFileType = sourcecode.c.h; path = Marco.h; sourceTree = "<group>"; };
		E02711111EAA0A5A0048AA03 /* FHExpandCompleteCell.h */ = {isa = PBXFileReference; fileEncoding = 4; lastKnownFileType = sourcecode.c.h; name = FHExpandCompleteCell.h; path = Views/FHExpandCompleteCell.h; sourceTree = "<group>"; };
		E02711121EAA0A5A0048AA03 /* FHExpandCompleteCell.m */ = {isa = PBXFileReference; fileEncoding = 4; lastKnownFileType = sourcecode.c.objc; name = FHExpandCompleteCell.m; path = Views/FHExpandCompleteCell.m; sourceTree = "<group>"; };
		E02711141EAAE3010048AA03 /* FHTodoListCell.h */ = {isa = PBXFileReference; fileEncoding = 4; lastKnownFileType = sourcecode.c.h; name = FHTodoListCell.h; path = Views/FHTodoListCell.h; sourceTree = "<group>"; };
		E02711151EAAE3010048AA03 /* FHTodoListCell.m */ = {isa = PBXFileReference; fileEncoding = 4; lastKnownFileType = sourcecode.c.objc; name = FHTodoListCell.m; path = Views/FHTodoListCell.m; sourceTree = "<group>"; };
		E0C68D1C1E83A2120051D8F4 /* FHExpandTableViewDemo.app */ = {isa = PBXFileReference; explicitFileType = wrapper.application; includeInIndex = 0; path = FHExpandTableViewDemo.app; sourceTree = BUILT_PRODUCTS_DIR; };
		E0C68D201E83A2120051D8F4 /* main.m */ = {isa = PBXFileReference; lastKnownFileType = sourcecode.c.objc; path = main.m; sourceTree = "<group>"; };
		E0C68D221E83A2120051D8F4 /* AppDelegate.h */ = {isa = PBXFileReference; lastKnownFileType = sourcecode.c.h; path = AppDelegate.h; sourceTree = "<group>"; };
		E0C68D231E83A2120051D8F4 /* AppDelegate.m */ = {isa = PBXFileReference; lastKnownFileType = sourcecode.c.objc; path = AppDelegate.m; sourceTree = "<group>"; };
		E0C68D251E83A2120051D8F4 /* ViewController.h */ = {isa = PBXFileReference; lastKnownFileType = sourcecode.c.h; path = ViewController.h; sourceTree = "<group>"; };
		E0C68D261E83A2120051D8F4 /* ViewController.m */ = {isa = PBXFileReference; lastKnownFileType = sourcecode.c.objc; path = ViewController.m; sourceTree = "<group>"; };
		E0C68D291E83A2120051D8F4 /* Base */ = {isa = PBXFileReference; lastKnownFileType = file.storyboard; name = Base; path = Base.lproj/Main.storyboard; sourceTree = "<group>"; };
		E0C68D2B1E83A2120051D8F4 /* Assets.xcassets */ = {isa = PBXFileReference; lastKnownFileType = folder.assetcatalog; path = Assets.xcassets; sourceTree = "<group>"; };
		E0C68D2E1E83A2120051D8F4 /* Base */ = {isa = PBXFileReference; lastKnownFileType = file.storyboard; name = Base; path = Base.lproj/LaunchScreen.storyboard; sourceTree = "<group>"; };
		E0C68D301E83A2120051D8F4 /* Info.plist */ = {isa = PBXFileReference; lastKnownFileType = text.plist.xml; path = Info.plist; sourceTree = "<group>"; };
		E0C68D351E83A2120051D8F4 /* FHExpandTableViewDemoTests.xctest */ = {isa = PBXFileReference; explicitFileType = wrapper.cfbundle; includeInIndex = 0; path = FHExpandTableViewDemoTests.xctest; sourceTree = BUILT_PRODUCTS_DIR; };
		E0C68D391E83A2120051D8F4 /* FHExpandTableViewDemoTests.m */ = {isa = PBXFileReference; lastKnownFileType = sourcecode.c.objc; path = FHExpandTableViewDemoTests.m; sourceTree = "<group>"; };
		E0C68D3B1E83A2120051D8F4 /* Info.plist */ = {isa = PBXFileReference; lastKnownFileType = text.plist.xml; path = Info.plist; sourceTree = "<group>"; };
		E0C68D401E83A2120051D8F4 /* FHExpandTableViewDemoUITests.xctest */ = {isa = PBXFileReference; explicitFileType = wrapper.cfbundle; includeInIndex = 0; path = FHExpandTableViewDemoUITests.xctest; sourceTree = BUILT_PRODUCTS_DIR; };
		E0C68D441E83A2120051D8F4 /* FHExpandTableViewDemoUITests.m */ = {isa = PBXFileReference; lastKnownFileType = sourcecode.c.objc; path = FHExpandTableViewDemoUITests.m; sourceTree = "<group>"; };
		E0C68D461E83A2120051D8F4 /* Info.plist */ = {isa = PBXFileReference; lastKnownFileType = text.plist.xml; path = Info.plist; sourceTree = "<group>"; };
		E0C68D5A1E83CCC50051D8F4 /* FHTodoCollection.h */ = {isa = PBXFileReference; fileEncoding = 4; lastKnownFileType = sourcecode.c.h; name = FHTodoCollection.h; path = Model/FHTodoCollection.h; sourceTree = "<group>"; };
		E0C68D5B1E83CCC50051D8F4 /* FHTodoCollection.m */ = {isa = PBXFileReference; fileEncoding = 4; lastKnownFileType = sourcecode.c.objc; name = FHTodoCollection.m; path = Model/FHTodoCollection.m; sourceTree = "<group>"; };
		E0C68D5D1E83CCDA0051D8F4 /* FHTodoItem.h */ = {isa = PBXFileReference; fileEncoding = 4; lastKnownFileType = sourcecode.c.h; name = FHTodoItem.h; path = Model/FHTodoItem.h; sourceTree = "<group>"; };
		E0C68D5E1E83CCDA0051D8F4 /* FHTodoItem.m */ = {isa = PBXFileReference; fileEncoding = 4; lastKnownFileType = sourcecode.c.objc; name = FHTodoItem.m; path = Model/FHTodoItem.m; sourceTree = "<group>"; };
		E1D8057B802BA1577DD6036E /* Pods-FHExpandTableViewDemo.release.xcconfig */ = {isa = PBXFileReference; includeInIndex = 1; lastKnownFileType = text.xcconfig; name = "Pods-FHExpandTableViewDemo.release.xcconfig"; path = "Pods/Target Support Files/Pods-FHExpandTableViewDemo/Pods-FHExpandTableViewDemo.release.xcconfig"; sourceTree = "<group>"; };
		F38F2E32978711C404E87C81 /* Pods-FHExpandTableViewDemoTests.debug.xcconfig */ = {isa = PBXFileReference; includeInIndex = 1; lastKnownFileType = text.xcconfig; name = "Pods-FHExpandTableViewDemoTests.debug.xcconfig"; path = "Pods/Target Support Files/Pods-FHExpandTableViewDemoTests/Pods-FHExpandTableViewDemoTests.debug.xcconfig"; sourceTree = "<group>"; };
		F68C41F2018B72B919FA23DF /* Pods-FHExpandTableViewDemoUITests.release.xcconfig */ = {isa = PBXFileReference; includeInIndex = 1; lastKnownFileType = text.xcconfig; name = "Pods-FHExpandTableViewDemoUITests.release.xcconfig"; path = "Pods/Target Support Files/Pods-FHExpandTableViewDemoUITests/Pods-FHExpandTableViewDemoUITests.release.xcconfig"; sourceTree = "<group>"; };
/* End PBXFileReference section */

/* Begin PBXFrameworksBuildPhase section */
		E0C68D191E83A2120051D8F4 /* Frameworks */ = {
			isa = PBXFrameworksBuildPhase;
			buildActionMask = 2147483647;
			files = (
				6D2CF86606099B05801C6776 /* libPods-FHExpandTableViewDemo.a in Frameworks */,
			);
			runOnlyForDeploymentPostprocessing = 0;
		};
		E0C68D321E83A2120051D8F4 /* Frameworks */ = {
			isa = PBXFrameworksBuildPhase;
			buildActionMask = 2147483647;
			files = (
				EE30D9BA257036BA5360C170 /* libPods-FHExpandTableViewDemoTests.a in Frameworks */,
				1FDCFF7E517205CFB5628696 /* libPods-FHExpandTableViewDemo-FHExpandTableViewDemoTests.a in Frameworks */,
			);
			runOnlyForDeploymentPostprocessing = 0;
		};
		E0C68D3D1E83A2120051D8F4 /* Frameworks */ = {
			isa = PBXFrameworksBuildPhase;
			buildActionMask = 2147483647;
			files = (
				AEB9BDE3171D080E6D97B2E8 /* libPods-FHExpandTableViewDemoUITests.a in Frameworks */,
			);
			runOnlyForDeploymentPostprocessing = 0;
		};
/* End PBXFrameworksBuildPhase section */

/* Begin PBXGroup section */
		46A1B094F6EB809A823D2267 /* Frameworks */ = {
			isa = PBXGroup;
			children = (
				37337EA51E62F115D369659F /* libPods-FHExpandTableViewDemo.a */,
				0CDFCC558D5E630CB27CC6A9 /* libPods-FHExpandTableViewDemoTests.a */,
				151FC5E8A249336F4DE04FD6 /* libPods-FHExpandTableViewDemoUITests.a */,
				4D053DD626B735579E95273D /* libPods-FHExpandTableViewDemo-FHExpandTableViewDemoTests.a */,
			);
			name = Frameworks;
			sourceTree = "<group>";
		};
		CF09F4257133CE3202DAB0A7 /* Pods */ = {
			isa = PBXGroup;
			children = (
				C15B4A5C65AB445A2850670F /* Pods-FHExpandTableViewDemo.debug.xcconfig */,
				E1D8057B802BA1577DD6036E /* Pods-FHExpandTableViewDemo.release.xcconfig */,
				F38F2E32978711C404E87C81 /* Pods-FHExpandTableViewDemoTests.debug.xcconfig */,
				96F6A93D993A0F49B8290B98 /* Pods-FHExpandTableViewDemoTests.release.xcconfig */,
				70F76CDAFF063CECAA50BADF /* Pods-FHExpandTableViewDemoUITests.debug.xcconfig */,
				F68C41F2018B72B919FA23DF /* Pods-FHExpandTableViewDemoUITests.release.xcconfig */,
				C3A6C411525BCC595E9E30EA /* Pods-FHExpandTableViewDemo-FHExpandTableViewDemoTests.debug.xcconfig */,
				95BC5FAA71E183670DBA3C94 /* Pods-FHExpandTableViewDemo-FHExpandTableViewDemoTests.release.xcconfig */,
			);
			name = Pods;
			sourceTree = "<group>";
		};
		E02711001EA9D5D60048AA03 /* Others */ = {
			isa = PBXGroup;
			children = (
				E0C68D281E83A2120051D8F4 /* Main.storyboard */,
				E0C68D2B1E83A2120051D8F4 /* Assets.xcassets */,
				E0C68D2D1E83A2120051D8F4 /* LaunchScreen.storyboard */,
				E0C68D301E83A2120051D8F4 /* Info.plist */,
			);
			name = Others;
			sourceTree = "<group>";
		};
		E02711031EA9ED4E0048AA03 /* Views */ = {
			isa = PBXGroup;
			children = (
				E02711141EAAE3010048AA03 /* FHTodoListCell.h */,
				E02711151EAAE3010048AA03 /* FHTodoListCell.m */,
				E02711111EAA0A5A0048AA03 /* FHExpandCompleteCell.h */,
				E02711121EAA0A5A0048AA03 /* FHExpandCompleteCell.m */,
				E02711041EA9EDA90048AA03 /* FHExpandHeadCell.h */,
				E02711051EA9EDA90048AA03 /* FHExpandHeadCell.m */,
			);
			name = Views;
			sourceTree = "<group>";
		};
		E0C68D131E83A2120051D8F4 = {
			isa = PBXGroup;
			children = (
				E0C68D551E83A24A0051D8F4 /* FHExpandTableView */,
				E0C68D1E1E83A2120051D8F4 /* FHExpandTableViewDemo */,
				E0C68D381E83A2120051D8F4 /* FHExpandTableViewDemoTests */,
				E0C68D431E83A2120051D8F4 /* FHExpandTableViewDemoUITests */,
				E0C68D1D1E83A2120051D8F4 /* Products */,
				CF09F4257133CE3202DAB0A7 /* Pods */,
				46A1B094F6EB809A823D2267 /* Frameworks */,
			);
			sourceTree = "<group>";
		};
		E0C68D1D1E83A2120051D8F4 /* Products */ = {
			isa = PBXGroup;
			children = (
				E0C68D1C1E83A2120051D8F4 /* FHExpandTableViewDemo.app */,
				E0C68D351E83A2120051D8F4 /* FHExpandTableViewDemoTests.xctest */,
				E0C68D401E83A2120051D8F4 /* FHExpandTableViewDemoUITests.xctest */,
			);
			name = Products;
			sourceTree = "<group>";
		};
		E0C68D1E1E83A2120051D8F4 /* FHExpandTableViewDemo */ = {
			isa = PBXGroup;
			children = (
				E02711071EA9F1380048AA03 /* Marco.h */,
				E02711031EA9ED4E0048AA03 /* Views */,
				E0C68D591E83CCB70051D8F4 /* Model */,
				E0C68D221E83A2120051D8F4 /* AppDelegate.h */,
				E0C68D231E83A2120051D8F4 /* AppDelegate.m */,
				E0C68D251E83A2120051D8F4 /* ViewController.h */,
				E0C68D261E83A2120051D8F4 /* ViewController.m */,
				E02711001EA9D5D60048AA03 /* Others */,
				E0C68D1F1E83A2120051D8F4 /* Supporting Files */,
			);
			path = FHExpandTableViewDemo;
			sourceTree = "<group>";
		};
		E0C68D1F1E83A2120051D8F4 /* Supporting Files */ = {
			isa = PBXGroup;
			children = (
				E0C68D201E83A2120051D8F4 /* main.m */,
			);
			name = "Supporting Files";
			sourceTree = "<group>";
		};
		E0C68D381E83A2120051D8F4 /* FHExpandTableViewDemoTests */ = {
			isa = PBXGroup;
			children = (
				E0C68D391E83A2120051D8F4 /* FHExpandTableViewDemoTests.m */,
				E0C68D3B1E83A2120051D8F4 /* Info.plist */,
			);
			path = FHExpandTableViewDemoTests;
			sourceTree = "<group>";
		};
		E0C68D431E83A2120051D8F4 /* FHExpandTableViewDemoUITests */ = {
			isa = PBXGroup;
			children = (
				E0C68D441E83A2120051D8F4 /* FHExpandTableViewDemoUITests.m */,
				E0C68D461E83A2120051D8F4 /* Info.plist */,
			);
			path = FHExpandTableViewDemoUITests;
			sourceTree = "<group>";
		};
		E0C68D551E83A24A0051D8F4 /* FHExpandTableView */ = {
			isa = PBXGroup;
			children = (
				E02710F41EA9CEA00048AA03 /* FHExpandTableView.h */,
				E02710F51EA9CEA00048AA03 /* FHExpandTableView.m */,
			);
			name = FHExpandTableView;
			sourceTree = "<group>";
		};
		E0C68D591E83CCB70051D8F4 /* Model */ = {
			isa = PBXGroup;
			children = (
				E02710FD1EA9D4F60048AA03 /* FHTodoModelManager.h */,
				E02710FE1EA9D4F60048AA03 /* FHTodoModelManager.m */,
				E0C68D5A1E83CCC50051D8F4 /* FHTodoCollection.h */,
				E0C68D5B1E83CCC50051D8F4 /* FHTodoCollection.m */,
				E0C68D5D1E83CCDA0051D8F4 /* FHTodoItem.h */,
				E0C68D5E1E83CCDA0051D8F4 /* FHTodoItem.m */,
				E02711011EA9D5FC0048AA03 /* FHTodoModel.plist */,
			);
			name = Model;
			sourceTree = "<group>";
		};
/* End PBXGroup section */

/* Begin PBXNativeTarget section */
		E0C68D1B1E83A2120051D8F4 /* FHExpandTableViewDemo */ = {
			isa = PBXNativeTarget;
			buildConfigurationList = E0C68D491E83A2120051D8F4 /* Build configuration list for PBXNativeTarget "FHExpandTableViewDemo" */;
			buildPhases = (
				1DC33417FC85073B1B82B02A /* [CP] Check Pods Manifest.lock */,
				E0C68D181E83A2120051D8F4 /* Sources */,
				E0C68D191E83A2120051D8F4 /* Frameworks */,
				E0C68D1A1E83A2120051D8F4 /* Resources */,
				E724138E73AD32052893B5F4 /* [CP] Embed Pods Frameworks */,
				057B88384DA3FFDCAD21221C /* [CP] Copy Pods Resources */,
			);
			buildRules = (
			);
			dependencies = (
			);
			name = FHExpandTableViewDemo;
			productName = FHExpandTableViewDemo;
			productReference = E0C68D1C1E83A2120051D8F4 /* FHExpandTableViewDemo.app */;
			productType = "com.apple.product-type.application";
		};
		E0C68D341E83A2120051D8F4 /* FHExpandTableViewDemoTests */ = {
			isa = PBXNativeTarget;
			buildConfigurationList = E0C68D4C1E83A2120051D8F4 /* Build configuration list for PBXNativeTarget "FHExpandTableViewDemoTests" */;
			buildPhases = (
				423BA5DF1AF8C3A54AFBB335 /* [CP] Check Pods Manifest.lock */,
				E0C68D311E83A2120051D8F4 /* Sources */,
				E0C68D321E83A2120051D8F4 /* Frameworks */,
				E0C68D331E83A2120051D8F4 /* Resources */,
				DD94E1D121BEECD63B94C0FF /* [CP] Embed Pods Frameworks */,
				3E5E7D99410BE7A833D389F7 /* [CP] Copy Pods Resources */,
			);
			buildRules = (
			);
			dependencies = (
				E0C68D371E83A2120051D8F4 /* PBXTargetDependency */,
			);
			name = FHExpandTableViewDemoTests;
			productName = FHExpandTableViewDemoTests;
			productReference = E0C68D351E83A2120051D8F4 /* FHExpandTableViewDemoTests.xctest */;
			productType = "com.apple.product-type.bundle.unit-test";
		};
		E0C68D3F1E83A2120051D8F4 /* FHExpandTableViewDemoUITests */ = {
			isa = PBXNativeTarget;
			buildConfigurationList = E0C68D4F1E83A2120051D8F4 /* Build configuration list for PBXNativeTarget "FHExpandTableViewDemoUITests" */;
			buildPhases = (
				3BB41AB00A22FAB06DCB650A /* [CP] Check Pods Manifest.lock */,
				E0C68D3C1E83A2120051D8F4 /* Sources */,
				E0C68D3D1E83A2120051D8F4 /* Frameworks */,
				E0C68D3E1E83A2120051D8F4 /* Resources */,
				49B23F3524F084D539916D59 /* [CP] Embed Pods Frameworks */,
				B93D18131D64535E009F4210 /* [CP] Copy Pods Resources */,
			);
			buildRules = (
			);
			dependencies = (
				E0C68D421E83A2120051D8F4 /* PBXTargetDependency */,
			);
			name = FHExpandTableViewDemoUITests;
			productName = FHExpandTableViewDemoUITests;
			productReference = E0C68D401E83A2120051D8F4 /* FHExpandTableViewDemoUITests.xctest */;
			productType = "com.apple.product-type.bundle.ui-testing";
		};
/* End PBXNativeTarget section */

/* Begin PBXProject section */
		E0C68D141E83A2120051D8F4 /* Project object */ = {
			isa = PBXProject;
			attributes = {
				LastUpgradeCheck = 0820;
				ORGANIZATIONNAME = "胡翔";
				TargetAttributes = {
					E0C68D1B1E83A2120051D8F4 = {
						CreatedOnToolsVersion = 8.2.1;
						DevelopmentTeam = 8RG52VJRN9;
						ProvisioningStyle = Automatic;
					};
					E0C68D341E83A2120051D8F4 = {
						CreatedOnToolsVersion = 8.2.1;
						DevelopmentTeam = 8RG52VJRN9;
						ProvisioningStyle = Automatic;
						TestTargetID = E0C68D1B1E83A2120051D8F4;
					};
					E0C68D3F1E83A2120051D8F4 = {
						CreatedOnToolsVersion = 8.2.1;
						DevelopmentTeam = 8RG52VJRN9;
						ProvisioningStyle = Automatic;
						TestTargetID = E0C68D1B1E83A2120051D8F4;
					};
				};
			};
			buildConfigurationList = E0C68D171E83A2120051D8F4 /* Build configuration list for PBXProject "FHExpandTableViewDemo" */;
			compatibilityVersion = "Xcode 3.2";
			developmentRegion = English;
			hasScannedForEncodings = 0;
			knownRegions = (
				en,
				Base,
			);
			mainGroup = E0C68D131E83A2120051D8F4;
			productRefGroup = E0C68D1D1E83A2120051D8F4 /* Products */;
			projectDirPath = "";
			projectRoot = "";
			targets = (
				E0C68D1B1E83A2120051D8F4 /* FHExpandTableViewDemo */,
				E0C68D341E83A2120051D8F4 /* FHExpandTableViewDemoTests */,
				E0C68D3F1E83A2120051D8F4 /* FHExpandTableViewDemoUITests */,
			);
		};
/* End PBXProject section */

/* Begin PBXResourcesBuildPhase section */
		E0C68D1A1E83A2120051D8F4 /* Resources */ = {
			isa = PBXResourcesBuildPhase;
			buildActionMask = 2147483647;
			files = (
				E0C68D2F1E83A2120051D8F4 /* LaunchScreen.storyboard in Resources */,
				E0C68D2C1E83A2120051D8F4 /* Assets.xcassets in Resources */,
				E02711021EA9D5FC0048AA03 /* FHTodoModel.plist in Resources */,
				E0C68D2A1E83A2120051D8F4 /* Main.storyboard in Resources */,
			);
			runOnlyForDeploymentPostprocessing = 0;
		};
		E0C68D331E83A2120051D8F4 /* Resources */ = {
			isa = PBXResourcesBuildPhase;
			buildActionMask = 2147483647;
			files = (
			);
			runOnlyForDeploymentPostprocessing = 0;
		};
		E0C68D3E1E83A2120051D8F4 /* Resources */ = {
			isa = PBXResourcesBuildPhase;
			buildActionMask = 2147483647;
			files = (
			);
			runOnlyForDeploymentPostprocessing = 0;
		};
/* End PBXResourcesBuildPhase section */

/* Begin PBXShellScriptBuildPhase section */
		057B88384DA3FFDCAD21221C /* [CP] Copy Pods Resources */ = {
			isa = PBXShellScriptBuildPhase;
			buildActionMask = 2147483647;
			files = (
			);
			inputPaths = (
			);
			name = "[CP] Copy Pods Resources";
			outputPaths = (
			);
			runOnlyForDeploymentPostprocessing = 0;
			shellPath = /bin/sh;
			shellScript = "\"${SRCROOT}/Pods/Target Support Files/Pods-FHExpandTableViewDemo/Pods-FHExpandTableViewDemo-resources.sh\"\n";
			showEnvVarsInLog = 0;
		};
		1DC33417FC85073B1B82B02A /* [CP] Check Pods Manifest.lock */ = {
			isa = PBXShellScriptBuildPhase;
			buildActionMask = 2147483647;
			files = (
			);
			inputPaths = (
			);
			name = "[CP] Check Pods Manifest.lock";
			outputPaths = (
			);
			runOnlyForDeploymentPostprocessing = 0;
			shellPath = /bin/sh;
			shellScript = "diff \"${PODS_ROOT}/../Podfile.lock\" \"${PODS_ROOT}/Manifest.lock\" > /dev/null\nif [ $? != 0 ] ; then\n    # print error to STDERR\n    echo \"error: The sandbox is not in sync with the Podfile.lock. Run 'pod install' or update your CocoaPods installation.\" >&2\n    exit 1\nfi\n";
			showEnvVarsInLog = 0;
		};
		3BB41AB00A22FAB06DCB650A /* [CP] Check Pods Manifest.lock */ = {
			isa = PBXShellScriptBuildPhase;
			buildActionMask = 2147483647;
			files = (
			);
			inputPaths = (
			);
			name = "[CP] Check Pods Manifest.lock";
			outputPaths = (
			);
			runOnlyForDeploymentPostprocessing = 0;
			shellPath = /bin/sh;
			shellScript = "diff \"${PODS_ROOT}/../Podfile.lock\" \"${PODS_ROOT}/Manifest.lock\" > /dev/null\nif [ $? != 0 ] ; then\n    # print error to STDERR\n    echo \"error: The sandbox is not in sync with the Podfile.lock. Run 'pod install' or update your CocoaPods installation.\" >&2\n    exit 1\nfi\n";
			showEnvVarsInLog = 0;
		};
		3E5E7D99410BE7A833D389F7 /* [CP] Copy Pods Resources */ = {
			isa = PBXShellScriptBuildPhase;
			buildActionMask = 2147483647;
			files = (
			);
			inputPaths = (
			);
			name = "[CP] Copy Pods Resources";
			outputPaths = (
			);
			runOnlyForDeploymentPostprocessing = 0;
			shellPath = /bin/sh;
			shellScript = "\"${SRCROOT}/Pods/Target Support Files/Pods-FHExpandTableViewDemo-FHExpandTableViewDemoTests/Pods-FHExpandTableViewDemo-FHExpandTableViewDemoTests-resources.sh\"\n";
			showEnvVarsInLog = 0;
		};
		423BA5DF1AF8C3A54AFBB335 /* [CP] Check Pods Manifest.lock */ = {
			isa = PBXShellScriptBuildPhase;
			buildActionMask = 2147483647;
			files = (
			);
			inputPaths = (
			);
			name = "[CP] Check Pods Manifest.lock";
			outputPaths = (
			);
			runOnlyForDeploymentPostprocessing = 0;
			shellPath = /bin/sh;
			shellScript = "diff \"${PODS_ROOT}/../Podfile.lock\" \"${PODS_ROOT}/Manifest.lock\" > /dev/null\nif [ $? != 0 ] ; then\n    # print error to STDERR\n    echo \"error: The sandbox is not in sync with the Podfile.lock. Run 'pod install' or update your CocoaPods installation.\" >&2\n    exit 1\nfi\n";
			showEnvVarsInLog = 0;
		};
		49B23F3524F084D539916D59 /* [CP] Embed Pods Frameworks */ = {
			isa = PBXShellScriptBuildPhase;
			buildActionMask = 2147483647;
			files = (
			);
			inputPaths = (
			);
			name = "[CP] Embed Pods Frameworks";
			outputPaths = (
			);
			runOnlyForDeploymentPostprocessing = 0;
			shellPath = /bin/sh;
			shellScript = "\"${SRCROOT}/Pods/Target Support Files/Pods-FHExpandTableViewDemoUITests/Pods-FHExpandTableViewDemoUITests-frameworks.sh\"\n";
			showEnvVarsInLog = 0;
		};
		B93D18131D64535E009F4210 /* [CP] Copy Pods Resources */ = {
			isa = PBXShellScriptBuildPhase;
			buildActionMask = 2147483647;
			files = (
			);
			inputPaths = (
			);
			name = "[CP] Copy Pods Resources";
			outputPaths = (
			);
			runOnlyForDeploymentPostprocessing = 0;
			shellPath = /bin/sh;
			shellScript = "\"${SRCROOT}/Pods/Target Support Files/Pods-FHExpandTableViewDemoUITests/Pods-FHExpandTableViewDemoUITests-resources.sh\"\n";
			showEnvVarsInLog = 0;
		};
		DD94E1D121BEECD63B94C0FF /* [CP] Embed Pods Frameworks */ = {
			isa = PBXShellScriptBuildPhase;
			buildActionMask = 2147483647;
			files = (
			);
			inputPaths = (
			);
			name = "[CP] Embed Pods Frameworks";
			outputPaths = (
			);
			runOnlyForDeploymentPostprocessing = 0;
			shellPath = /bin/sh;
			shellScript = "\"${SRCROOT}/Pods/Target Support Files/Pods-FHExpandTableViewDemo-FHExpandTableViewDemoTests/Pods-FHExpandTableViewDemo-FHExpandTableViewDemoTests-frameworks.sh\"\n";
			showEnvVarsInLog = 0;
		};
		E724138E73AD32052893B5F4 /* [CP] Embed Pods Frameworks */ = {
			isa = PBXShellScriptBuildPhase;
			buildActionMask = 2147483647;
			files = (
			);
			inputPaths = (
			);
			name = "[CP] Embed Pods Frameworks";
			outputPaths = (
			);
			runOnlyForDeploymentPostprocessing = 0;
			shellPath = /bin/sh;
			shellScript = "\"${SRCROOT}/Pods/Target Support Files/Pods-FHExpandTableViewDemo/Pods-FHExpandTableViewDemo-frameworks.sh\"\n";
			showEnvVarsInLog = 0;
		};
/* End PBXShellScriptBuildPhase section */

/* Begin PBXSourcesBuildPhase section */
		E0C68D181E83A2120051D8F4 /* Sources */ = {
			isa = PBXSourcesBuildPhase;
			buildActionMask = 2147483647;
			files = (
				E02711131EAA0A5A0048AA03 /* FHExpandCompleteCell.m in Sources */,
				E027110D1EA9FB930048AA03 /* Marco.h in Sources */,
				E0C68D5C1E83CCC50051D8F4 /* FHTodoCollection.m in Sources */,
				E02710FA1EA9CEA00048AA03 /* FHExpandTableView.m in Sources */,
				E0C68D271E83A2120051D8F4 /* ViewController.m in Sources */,
				E02711161EAAE3010048AA03 /* FHTodoListCell.m in Sources */,
				E02710FF1EA9D4F60048AA03 /* FHTodoModelManager.m in Sources */,
				E0C68D241E83A2120051D8F4 /* AppDelegate.m in Sources */,
				E0C68D211E83A2120051D8F4 /* main.m in Sources */,
				E0C68D5F1E83CCDA0051D8F4 /* FHTodoItem.m in Sources */,
				E02711061EA9EDA90048AA03 /* FHExpandHeadCell.m in Sources */,
			);
			runOnlyForDeploymentPostprocessing = 0;
		};
		E0C68D311E83A2120051D8F4 /* Sources */ = {
			isa = PBXSourcesBuildPhase;
			buildActionMask = 2147483647;
			files = (
				E0C68D3A1E83A2120051D8F4 /* FHExpandTableViewDemoTests.m in Sources */,
			);
			runOnlyForDeploymentPostprocessing = 0;
		};
		E0C68D3C1E83A2120051D8F4 /* Sources */ = {
			isa = PBXSourcesBuildPhase;
			buildActionMask = 2147483647;
			files = (
				E0C68D451E83A2120051D8F4 /* FHExpandTableViewDemoUITests.m in Sources */,
			);
			runOnlyForDeploymentPostprocessing = 0;
		};
/* End PBXSourcesBuildPhase section */

/* Begin PBXTargetDependency section */
		E0C68D371E83A2120051D8F4 /* PBXTargetDependency */ = {
			isa = PBXTargetDependency;
			target = E0C68D1B1E83A2120051D8F4 /* FHExpandTableViewDemo */;
			targetProxy = E0C68D361E83A2120051D8F4 /* PBXContainerItemProxy */;
		};
		E0C68D421E83A2120051D8F4 /* PBXTargetDependency */ = {
			isa = PBXTargetDependency;
			target = E0C68D1B1E83A2120051D8F4 /* FHExpandTableViewDemo */;
			targetProxy = E0C68D411E83A2120051D8F4 /* PBXContainerItemProxy */;
		};
/* End PBXTargetDependency section */

/* Begin PBXVariantGroup section */
		E0C68D281E83A2120051D8F4 /* Main.storyboard */ = {
			isa = PBXVariantGroup;
			children = (
				E0C68D291E83A2120051D8F4 /* Base */,
			);
			name = Main.storyboard;
			sourceTree = "<group>";
		};
		E0C68D2D1E83A2120051D8F4 /* LaunchScreen.storyboard */ = {
			isa = PBXVariantGroup;
			children = (
				E0C68D2E1E83A2120051D8F4 /* Base */,
			);
			name = LaunchScreen.storyboard;
			sourceTree = "<group>";
		};
/* End PBXVariantGroup section */

/* Begin XCBuildConfiguration section */
		E0C68D471E83A2120051D8F4 /* Debug */ = {
			isa = XCBuildConfiguration;
			buildSettings = {
				ALWAYS_SEARCH_USER_PATHS = NO;
				CLANG_ANALYZER_NONNULL = YES;
				CLANG_CXX_LANGUAGE_STANDARD = "gnu++0x";
				CLANG_CXX_LIBRARY = "libc++";
				CLANG_ENABLE_MODULES = YES;
				CLANG_ENABLE_OBJC_ARC = YES;
				CLANG_WARN_BOOL_CONVERSION = YES;
				CLANG_WARN_CONSTANT_CONVERSION = YES;
				CLANG_WARN_DIRECT_OBJC_ISA_USAGE = YES_ERROR;
				CLANG_WARN_DOCUMENTATION_COMMENTS = YES;
				CLANG_WARN_EMPTY_BODY = YES;
				CLANG_WARN_ENUM_CONVERSION = YES;
				CLANG_WARN_INFINITE_RECURSION = YES;
				CLANG_WARN_INT_CONVERSION = YES;
				CLANG_WARN_OBJC_ROOT_CLASS = YES_ERROR;
				CLANG_WARN_SUSPICIOUS_MOVE = YES;
				CLANG_WARN_UNREACHABLE_CODE = YES;
				CLANG_WARN__DUPLICATE_METHOD_MATCH = YES;
				"CODE_SIGN_IDENTITY[sdk=iphoneos*]" = "iPhone Developer";
				COPY_PHASE_STRIP = NO;
				DEBUG_INFORMATION_FORMAT = dwarf;
				ENABLE_STRICT_OBJC_MSGSEND = YES;
				ENABLE_TESTABILITY = YES;
				GCC_C_LANGUAGE_STANDARD = gnu99;
				GCC_DYNAMIC_NO_PIC = NO;
				GCC_NO_COMMON_BLOCKS = YES;
				GCC_OPTIMIZATION_LEVEL = 0;
				GCC_PREPROCESSOR_DEFINITIONS = (
					"DEBUG=1",
					"$(inherited)",
				);
				GCC_WARN_64_TO_32_BIT_CONVERSION = YES;
				GCC_WARN_ABOUT_RETURN_TYPE = YES_ERROR;
				GCC_WARN_UNDECLARED_SELECTOR = YES;
				GCC_WARN_UNINITIALIZED_AUTOS = YES_AGGRESSIVE;
				GCC_WARN_UNUSED_FUNCTION = YES;
				GCC_WARN_UNUSED_VARIABLE = YES;
				IPHONEOS_DEPLOYMENT_TARGET = 10.2;
				MTL_ENABLE_DEBUG_INFO = YES;
				ONLY_ACTIVE_ARCH = YES;
				OTHER_LDFLAGS = "$(inherited)";
				OTHER_LIBTOOLFLAGS = "$(inherited)";
				SDKROOT = iphoneos;
				TARGETED_DEVICE_FAMILY = "1,2";
			};
			name = Debug;
		};
		E0C68D481E83A2120051D8F4 /* Release */ = {
			isa = XCBuildConfiguration;
			buildSettings = {
				ALWAYS_SEARCH_USER_PATHS = NO;
				CLANG_ANALYZER_NONNULL = YES;
				CLANG_CXX_LANGUAGE_STANDARD = "gnu++0x";
				CLANG_CXX_LIBRARY = "libc++";
				CLANG_ENABLE_MODULES = YES;
				CLANG_ENABLE_OBJC_ARC = YES;
				CLANG_WARN_BOOL_CONVERSION = YES;
				CLANG_WARN_CONSTANT_CONVERSION = YES;
				CLANG_WARN_DIRECT_OBJC_ISA_USAGE = YES_ERROR;
				CLANG_WARN_DOCUMENTATION_COMMENTS = YES;
				CLANG_WARN_EMPTY_BODY = YES;
				CLANG_WARN_ENUM_CONVERSION = YES;
				CLANG_WARN_INFINITE_RECURSION = YES;
				CLANG_WARN_INT_CONVERSION = YES;
				CLANG_WARN_OBJC_ROOT_CLASS = YES_ERROR;
				CLANG_WARN_SUSPICIOUS_MOVE = YES;
				CLANG_WARN_UNREACHABLE_CODE = YES;
				CLANG_WARN__DUPLICATE_METHOD_MATCH = YES;
				"CODE_SIGN_IDENTITY[sdk=iphoneos*]" = "iPhone Developer";
				COPY_PHASE_STRIP = NO;
				DEBUG_INFORMATION_FORMAT = "dwarf-with-dsym";
				ENABLE_NS_ASSERTIONS = NO;
				ENABLE_STRICT_OBJC_MSGSEND = YES;
				GCC_C_LANGUAGE_STANDARD = gnu99;
				GCC_NO_COMMON_BLOCKS = YES;
				GCC_WARN_64_TO_32_BIT_CONVERSION = YES;
				GCC_WARN_ABOUT_RETURN_TYPE = YES_ERROR;
				GCC_WARN_UNDECLARED_SELECTOR = YES;
				GCC_WARN_UNINITIALIZED_AUTOS = YES_AGGRESSIVE;
				GCC_WARN_UNUSED_FUNCTION = YES;
				GCC_WARN_UNUSED_VARIABLE = YES;
				IPHONEOS_DEPLOYMENT_TARGET = 10.2;
				MTL_ENABLE_DEBUG_INFO = NO;
				OTHER_LDFLAGS = "$(inherited)";
				OTHER_LIBTOOLFLAGS = "$(inherited)";
				SDKROOT = iphoneos;
				TARGETED_DEVICE_FAMILY = "1,2";
				VALIDATE_PRODUCT = YES;
			};
			name = Release;
		};
		E0C68D4A1E83A2120051D8F4 /* Debug */ = {
			isa = XCBuildConfiguration;
			baseConfigurationReference = C15B4A5C65AB445A2850670F /* Pods-FHExpandTableViewDemo.debug.xcconfig */;
			buildSettings = {
				ASSETCATALOG_COMPILER_APPICON_NAME = AppIcon;
				DEVELOPMENT_TEAM = 8RG52VJRN9;
				INFOPLIST_FILE = FHExpandTableViewDemo/Info.plist;
				LD_RUNPATH_SEARCH_PATHS = "$(inherited) @executable_path/Frameworks";
				OTHER_LDFLAGS = (
					"$(inherited)",
					"-ObjC",
				);
				PRODUCT_BUNDLE_IDENTIFIER = madao.FHExpandTableViewDemo;
				PRODUCT_NAME = "$(TARGET_NAME)";
			};
			name = Debug;
		};
		E0C68D4B1E83A2120051D8F4 /* Release */ = {
			isa = XCBuildConfiguration;
			baseConfigurationReference = E1D8057B802BA1577DD6036E /* Pods-FHExpandTableViewDemo.release.xcconfig */;
			buildSettings = {
				ASSETCATALOG_COMPILER_APPICON_NAME = AppIcon;
				DEVELOPMENT_TEAM = 8RG52VJRN9;
				INFOPLIST_FILE = FHExpandTableViewDemo/Info.plist;
				LD_RUNPATH_SEARCH_PATHS = "$(inherited) @executable_path/Frameworks";
				OTHER_LDFLAGS = (
					"$(inherited)",
					"-ObjC",
				);
				PRODUCT_BUNDLE_IDENTIFIER = madao.FHExpandTableViewDemo;
				PRODUCT_NAME = "$(TARGET_NAME)";
			};
			name = Release;
		};
		E0C68D4D1E83A2120051D8F4 /* Debug */ = {
			isa = XCBuildConfiguration;
			baseConfigurationReference = C3A6C411525BCC595E9E30EA /* Pods-FHExpandTableViewDemo-FHExpandTableViewDemoTests.debug.xcconfig */;
			buildSettings = {
				BUNDLE_LOADER = "$(TEST_HOST)";
				DEVELOPMENT_TEAM = 8RG52VJRN9;
				INFOPLIST_FILE = FHExpandTableViewDemoTests/Info.plist;
				LD_RUNPATH_SEARCH_PATHS = "$(inherited) @executable_path/Frameworks @loader_path/Frameworks";
				PRODUCT_BUNDLE_IDENTIFIER = madao.FHExpandTableViewDemoTests;
				PRODUCT_NAME = "$(TARGET_NAME)";
				TEST_HOST = "$(BUILT_PRODUCTS_DIR)/FHExpandTableViewDemo.app/FHExpandTableViewDemo";
			};
			name = Debug;
		};
		E0C68D4E1E83A2120051D8F4 /* Release */ = {
			isa = XCBuildConfiguration;
			baseConfigurationReference = 95BC5FAA71E183670DBA3C94 /* Pods-FHExpandTableViewDemo-FHExpandTableViewDemoTests.release.xcconfig */;
			buildSettings = {
				BUNDLE_LOADER = "$(TEST_HOST)";
				DEVELOPMENT_TEAM = 8RG52VJRN9;
				INFOPLIST_FILE = FHExpandTableViewDemoTests/Info.plist;
				LD_RUNPATH_SEARCH_PATHS = "$(inherited) @executable_path/Frameworks @loader_path/Frameworks";
				PRODUCT_BUNDLE_IDENTIFIER = madao.FHExpandTableViewDemoTests;
				PRODUCT_NAME = "$(TARGET_NAME)";
				TEST_HOST = "$(BUILT_PRODUCTS_DIR)/FHExpandTableViewDemo.app/FHExpandTableViewDemo";
			};
			name = Release;
		};
		E0C68D501E83A2120051D8F4 /* Debug */ = {
			isa = XCBuildConfiguration;
			baseConfigurationReference = 70F76CDAFF063CECAA50BADF /* Pods-FHExpandTableViewDemoUITests.debug.xcconfig */;
			buildSettings = {
				DEVELOPMENT_TEAM = 8RG52VJRN9;
				INFOPLIST_FILE = FHExpandTableViewDemoUITests/Info.plist;
				LD_RUNPATH_SEARCH_PATHS = "$(inherited) @executable_path/Frameworks @loader_path/Frameworks";
				PRODUCT_BUNDLE_IDENTIFIER = madao.FHExpandTableViewDemoUITests;
				PRODUCT_NAME = "$(TARGET_NAME)";
				TEST_TARGET_NAME = FHExpandTableViewDemo;
			};
			name = Debug;
		};
		E0C68D511E83A2120051D8F4 /* Release */ = {
			isa = XCBuildConfiguration;
			baseConfigurationReference = F68C41F2018B72B919FA23DF /* Pods-FHExpandTableViewDemoUITests.release.xcconfig */;
			buildSettings = {
				DEVELOPMENT_TEAM = 8RG52VJRN9;
				INFOPLIST_FILE = FHExpandTableViewDemoUITests/Info.plist;
				LD_RUNPATH_SEARCH_PATHS = "$(inherited) @executable_path/Frameworks @loader_path/Frameworks";
				PRODUCT_BUNDLE_IDENTIFIER = madao.FHExpandTableViewDemoUITests;
				PRODUCT_NAME = "$(TARGET_NAME)";
				TEST_TARGET_NAME = FHExpandTableViewDemo;
			};
			name = Release;
		};
/* End XCBuildConfiguration section */

/* Begin XCConfigurationList section */
		E0C68D171E83A2120051D8F4 /* Build configuration list for PBXProject "FHExpandTableViewDemo" */ = {
			isa = XCConfigurationList;
			buildConfigurations = (
				E0C68D471E83A2120051D8F4 /* Debug */,
				E0C68D481E83A2120051D8F4 /* Release */,
			);
			defaultConfigurationIsVisible = 0;
			defaultConfigurationName = Release;
		};
		E0C68D491E83A2120051D8F4 /* Build configuration list for PBXNativeTarget "FHExpandTableViewDemo" */ = {
			isa = XCConfigurationList;
			buildConfigurations = (
				E0C68D4A1E83A2120051D8F4 /* Debug */,
				E0C68D4B1E83A2120051D8F4 /* Release */,
			);
			defaultConfigurationIsVisible = 0;
			defaultConfigurationName = Release;
		};
		E0C68D4C1E83A2120051D8F4 /* Build configuration list for PBXNativeTarget "FHExpandTableViewDemoTests" */ = {
			isa = XCConfigurationList;
			buildConfigurations = (
				E0C68D4D1E83A2120051D8F4 /* Debug */,
				E0C68D4E1E83A2120051D8F4 /* Release */,
			);
			defaultConfigurationIsVisible = 0;
			defaultConfigurationName = Release;
		};
		E0C68D4F1E83A2120051D8F4 /* Build configuration list for PBXNativeTarget "FHExpandTableViewDemoUITests" */ = {
			isa = XCConfigurationList;
			buildConfigurations = (
				E0C68D501E83A2120051D8F4 /* Debug */,
				E0C68D511E83A2120051D8F4 /* Release */,
			);
			defaultConfigurationIsVisible = 0;
			defaultConfigurationName = Release;
		};
/* End XCConfigurationList section */
	};
	rootObject = E0C68D141E83A2120051D8F4 /* Project object */;
}
